
Microsoft Visual Studio Solution File, Format Version 12.00
# Visual Studio Version 16
VisualStudioVersion = 16.0.31005.135
MinimumVisualStudioVersion = 10.0.40219.1
Project("{FAE04EC0-301F-11D3-BF4B-00C04F79EFBC}") = "KnowledgeSpace.BackendServer", "KnowledgeSpace\KnowledgeSpace.BackendServer.csproj", "{DA4354B8-0088-4D9B-9F88-29EF64C79AD7}"
EndProject
Project("{FAE04EC0-301F-11D3-BF4B-00C04F79EFBC}") = "KnowledgeSpace.ViewModels", "KnowledgeSpace.ViewModels\KnowledgeSpace.ViewModels.csproj", "{21AFF21B-1E58-4E3C-9FE5-723918007CC4}"
EndProject
Project("{FAE04EC0-301F-11D3-BF4B-00C04F79EFBC}") = "KnowledgeSpace.WebPortal", "KnowledgeSpace.WebPortal\KnowledgeSpace.WebPortal.csproj", "{917FAFFA-9139-4C35-BC61-3E34FCCA4BAE}"
EndProject
Global
	GlobalSection(SolutionConfigurationPlatforms) = preSolution
		Debug|Any CPU = Debug|Any CPU
		Release|Any CPU = Release|Any CPU
	EndGlobalSection
	GlobalSection(ProjectConfigurationPlatforms) = postSolution
		{DA4354B8-0088-4D9B-9F88-29EF64C79AD7}.Debug|Any CPU.ActiveCfg = Debug|Any CPU
		{DA4354B8-0088-4D9B-9F88-29EF64C79AD7}.Debug|Any CPU.Build.0 = Debug|Any CPU
		{DA4354B8-0088-4D9B-9F88-29EF64C79AD7}.Release|Any CPU.ActiveCfg = Release|Any CPU
		{DA4354B8-0088-4D9B-9F88-29EF64C79AD7}.Release|Any CPU.Build.0 = Release|Any CPU
		{21AFF21B-1E58-4E3C-9FE5-723918007CC4}.Debug|Any CPU.ActiveCfg = Debug|Any CPU
		{21AFF21B-1E58-4E3C-9FE5-723918007CC4}.Debug|Any CPU.Build.0 = Debug|Any CPU
		{21AFF21B-1E58-4E3C-9FE5-723918007CC4}.Release|Any CPU.ActiveCfg = Release|Any CPU
		{21AFF21B-1E58-4E3C-9FE5-723918007CC4}.Release|Any CPU.Build.0 = Release|Any CPU
		{917FAFFA-9139-4C35-BC61-3E34FCCA4BAE}.Debug|Any CPU.ActiveCfg = Debug|Any CPU
		{917FAFFA-9139-4C35-BC61-3E34FCCA4BAE}.Debug|Any CPU.Build.0 = Debug|Any CPU
		{917FAFFA-9139-4C35-BC61-3E34FCCA4BAE}.Release|Any CPU.ActiveCfg = Release|Any CPU
		{917FAFFA-9139-4C35-BC61-3E34FCCA4BAE}.Release|Any CPU.Build.0 = Release|Any CPU
	EndGlobalSection
	GlobalSection(SolutionProperties) = preSolution
		HideSolutionNode = FALSE
	EndGlobalSection
	GlobalSection(ExtensibilityGlobals) = postSolution
		SolutionGuid = {1D1879F0-06E7-4D8B-9842-93DC6E492E95}
	EndGlobalSection
EndGlobal
